dependencies:
  bulma: 0.8.0
  bulma-timeline: 3.0.4
  fuse.js: 3.4.6
devDependencies:
  cross-env: 7.0.0
  rimraf: 3.0.0
lockfileVersion: 5.1
packages:
  /balanced-match/1.0.0:
    dev: true
    resolution:
      integrity: sha1-ibTRmasr7kneFk6gK4nORi1xt2c=
  /brace-expansion/1.1.11:
    dependencies:
      balanced-match: 1.0.0
      concat-map: 0.0.1
    dev: true
    resolution:
      integrity: sha512-iCuPHDFgrHX7H2vEI/5xpz07zSHB00TpugqhmYtVmMO6518mCuRMoOYFldEBl0g187ufozdaHgWKcYFb61qGiA==
  /bulma-timeline/3.0.4:
    dev: false
    resolution:
      integrity: sha512-gCUOcSUuzHoeVMkCpLF49j5Z5yl78XQ+KgJcT+1ju5WIGgBgVytRUob/dw5NHAxPLO2rmcvwYNbCJFp7w4WT4Q==
  /bulma/0.8.0:
    dev: false
    resolution:
      integrity: sha512-nhf3rGyiZh/VM7FrSJ/5KeLlfaFkXz0nYcXriynfPH4vVpnxnqyEwaNGdNCVzHyyCA3cHgkQAMpdF/SFbFGZfA==
  /concat-map/0.0.1:
    dev: true
    resolution:
      integrity: sha1-2Klr13/Wjfd5OnMDajug1UBdR3s=
  /cross-env/7.0.0:
    dependencies:
      cross-spawn: 7.0.1
    dev: true
    engines:
      node: '>=10.14'
      npm: '>=6'
      yarn: '>=1'
    hasBin: true
    resolution:
      integrity: sha512-rV6M9ldNgmwP7bx5u6rZsTbYidzwvrwIYZnT08hSGLcQCcggofgFW+sNe7IhA1SRauPS0QuLbbX+wdNtpqE5CQ==
  /cross-spawn/7.0.1:
    dependencies:
      path-key: 3.1.1
      shebang-command: 2.0.0
      which: 2.0.2
    dev: true
    engines:
      node: '>= 8'
    resolution:
      integrity: sha512-u7v4o84SwFpD32Z8IIcPZ6z1/ie24O6RU3RbtL5Y316l3KuHVPx9ItBgWQ6VlfAFnRnTtMUrsQ9MUUTuEZjogg==
  /fs.realpath/1.0.0:
    dev: true
    resolution:
      integrity: sha1-FQStJSMVjKpA20onh8sBQRmU6k8=
  /fuse.js/3.4.6:
    dev: false
    engines:
      node: '>=6'
    resolution:
      integrity: sha512-H6aJY4UpLFwxj1+5nAvufom5b2BT2v45P1MkPvdGIK8fWjQx/7o6tTT1+ALV0yawQvbmvCF0ufl2et8eJ7v7Cg==
  /glob/7.1.6:
    dependencies:
      fs.realpath: 1.0.0
      inflight: 1.0.6
      inherits: 2.0.4
      minimatch: 3.0.4
      once: 1.4.0
      path-is-absolute: 1.0.1
    dev: true
    resolution:
      integrity: sha512-LwaxwyZ72Lk7vZINtNNrywX0ZuLyStrdDtabefZKAY5ZGJhVtgdznluResxNmPitE0SAO+O26sWTHeKSI2wMBA==
  /inflight/1.0.6:
    dependencies:
      once: 1.4.0
      wrappy: 1.0.2
    dev: true
    resolution:
      integrity: sha1-Sb1jMdfQLQwJvJEKEHW6gWW1bfk=
  /inherits/2.0.4:
    dev: true
    resolution:
      integrity: sha512-k/vGaX4/Yla3WzyMCvTQOXYeIHvqOKtnqBduzTHpzpQZzAskKMhZ2K+EnBiSM9zGSoIFeMpXKxa4dYeZIQqewQ==
  /isexe/2.0.0:
    dev: true
    resolution:
      integrity: sha1-6PvzdNxVb/iUehDcsFctYz8s+hA=
  /minimatch/3.0.4:
    dependencies:
      brace-expansion: 1.1.11
    dev: true
    resolution:
      integrity: sha512-yJHVQEhyqPLUTgt9B83PXu6W3rx4MvvHvSUvToogpwoGDOUQ+yDrR0HRot+yOCdCO7u4hX3pWft6kWBBcqh0UA==
  /once/1.4.0:
    dependencies:
      wrappy: 1.0.2
    dev: true
    resolution:
      integrity: sha1-WDsap3WWHUsROsF9nFC6753Xa9E=
  /path-is-absolute/1.0.1:
    dev: true
    engines:
      node: '>=0.10.0'
    resolution:
      integrity: sha1-F0uSaHNVNP+8es5r9TpanhtcX18=
  /path-key/3.1.1:
    dev: true
    engines:
      node: '>=8'
    resolution:
      integrity: sha512-ojmeN0qd+y0jszEtoY48r0Peq5dwMEkIlCOu6Q5f41lfkswXuKtYrhgoTpLnyIcHm24Uhqx+5Tqm2InSwLhE6Q==
  /rimraf/3.0.0:
    dependencies:
      glob: 7.1.6
    dev: true
    hasBin: true
    resolution:
      integrity: sha512-NDGVxTsjqfunkds7CqsOiEnxln4Bo7Nddl3XhS4pXg5OzwkLqJ971ZVAAnB+DDLnF76N+VnDEiBHaVV8I06SUg==
  /shebang-command/2.0.0:
    dependencies:
      shebang-regex: 3.0.0
    dev: true
    engines:
      node: '>=8'
    resolution:
      integrity: sha512-kHxr2zZpYtdmrN1qDjrrX/Z1rR1kG8Dx+gkpK1G4eXmvXswmcE1hTWBWYUzlraYw1/yZp6YuDY77YtvbN0dmDA==
  /shebang-regex/3.0.0:
    dev: true
    engines:
      node: '>=8'
    resolution:
      integrity: sha512-7++dFhtcx3353uBaq8DDR4NuxBetBzC7ZQOhmTQInHEd6bSrXdiEyzCvG07Z44UYdLShWUyXt5M/yhz8ekcb1A==
  /which/2.0.2:
    dependencies:
      isexe: 2.0.0
    dev: true
    engines:
      node: '>= 8'
    hasBin: true
    resolution:
      integrity: sha512-BLI3Tl1TW3Pvl70l3yq3Y64i+awpwXqsGBYWkkqMtnbXgrMD+yj7rhW0kuEDxzJaYXGjEW5ogapKNMEKNMjibA==
  /wrappy/1.0.2:
    dev: true
    resolution:
      integrity: sha1-tSQ9jz7BqjXxNkYFvA0QNuMKtp8=
specifiers:
  bulma: ^0.8.0
  bulma-timeline: ^3.0.4
  cross-env: ^7.0.0
  fuse.js: ^3.4.6
  rimraf: ^3.0.0
