# THIS IS AN AUTOGENERATED FILE. DO NOT EDIT THIS FILE DIRECTLY.
# yarn lockfile v1


bulma-timeline@*:
  version "3.0.1"
  resolved "https://registry.yarnpkg.com/bulma-timeline/-/bulma-timeline-3.0.1.tgz#f44ac532ea5cecf3b91e1d94db1aa8391393218f"
  integrity sha512-f62bDm7z5HtvVa0VEKRclbDTOM1DO0kUD3MDp7zBLxORQPXJ6lWbzQkXoGqeX+3khIeSnOYx4uwUPACNsZEzkA==

bulma@*:
  version "0.7.2"
  resolved "https://registry.yarnpkg.com/bulma/-/bulma-0.7.2.tgz#8e944377b74c7926558830d38d8e19eaf49f5fb6"
  integrity sha512-6JHEu8U/1xsyOst/El5ImLcZIiE2JFXgvrz8GGWbnDLwTNRPJzdAM0aoUM1Ns0avALcVb6KZz9NhzmU53dGDcQ==

fuse.js@*:
  version "3.4.2"
  resolved "https://registry.yarnpkg.com/fuse.js/-/fuse.js-3.4.2.tgz#d7a638c436ecd7b9c4c0051478c09594eb956212"
  integrity sha512-WVbrm+cAxPtyMqdtL7cYhR7aZJPhtOfjNClPya8GKMVukKDYs7pEnPINeRVX1C9WmWgU8MdYGYbUPAP2AJXdoQ==
